// !$*UTF8*$!
{
	archiveVersion = 1;
	classes = {
	};
	objectVersion = 46;
	objects = {

/* Begin PBXBuildFile section */
		D04083F31B06CA9E0060770D /* MBProgressHUD+MJ.m in Sources */ = {isa = PBXBuildFile; fileRef = D04083EF1B06CA9E0060770D /* MBProgressHUD+MJ.m */; };
		D04083F41B06CA9E0060770D /* MBProgressHUD.bundle in Resources */ = {isa = PBXBuildFile; fileRef = D04083F01B06CA9E0060770D /* MBProgressHUD.bundle */; };
		D04083F51B06CA9E0060770D /* MBProgressHUD.m in Sources */ = {isa = PBXBuildFile; fileRef = D04083F21B06CA9E0060770D /* MBProgressHUD.m */; };
		D04083F81B06CAC00060770D /* OauthController.m in Sources */ = {isa = PBXBuildFile; fileRef = D04083F71B06CAC00060770D /* OauthController.m */; };
		D040840D1B06CF0E0060770D /* AFHTTPRequestOperation.m in Sources */ = {isa = PBXBuildFile; fileRef = D04083FB1B06CF0E0060770D /* AFHTTPRequestOperation.m */; };
		D040840E1B06CF0E0060770D /* AFHTTPRequestOperationManager.m in Sources */ = {isa = PBXBuildFile; fileRef = D04083FD1B06CF0E0060770D /* AFHTTPRequestOperationManager.m */; };
		D040840F1B06CF0E0060770D /* AFHTTPSessionManager.m in Sources */ = {isa = PBXBuildFile; fileRef = D04083FF1B06CF0E0060770D /* AFHTTPSessionManager.m */; };
		D04084101B06CF0E0060770D /* AFNetworkReachabilityManager.m in Sources */ = {isa = PBXBuildFile; fileRef = D04084021B06CF0E0060770D /* AFNetworkReachabilityManager.m */; };
		D04084111B06CF0E0060770D /* AFSecurityPolicy.m in Sources */ = {isa = PBXBuildFile; fileRef = D04084041B06CF0E0060770D /* AFSecurityPolicy.m */; };
		D04084121B06CF0E0060770D /* AFURLConnectionOperation.m in Sources */ = {isa = PBXBuildFile; fileRef = D04084061B06CF0E0060770D /* AFURLConnectionOperation.m */; };
		D04084131B06CF0E0060770D /* AFURLRequestSerialization.m in Sources */ = {isa = PBXBuildFile; fileRef = D04084081B06CF0E0060770D /* AFURLRequestSerialization.m */; };
		D04084141B06CF0E0060770D /* AFURLResponseSerialization.m in Sources */ = {isa = PBXBuildFile; fileRef = D040840A1B06CF0E0060770D /* AFURLResponseSerialization.m */; };
		D04084151B06CF0E0060770D /* AFURLSessionManager.m in Sources */ = {isa = PBXBuildFile; fileRef = D040840C1B06CF0E0060770D /* AFURLSessionManager.m */; };
		D043B1CA1AEF9D3E00FCC090 /* HomeViewController.m in Sources */ = {isa = PBXBuildFile; fileRef = D043B1C91AEF9D3E00FCC090 /* HomeViewController.m */; };
		D043B1CF1AF0718200FCC090 /* Keyboard.xib in Resources */ = {isa = PBXBuildFile; fileRef = D043B1CE1AF0718200FCC090 /* Keyboard.xib */; };
		D043B1D11AF0739700FCC090 /* KeyboardTool.xib in Resources */ = {isa = PBXBuildFile; fileRef = D043B1D01AF0739700FCC090 /* KeyboardTool.xib */; };
		D043B1D81AF0BF2700FCC090 /* DiscorverController.m in Sources */ = {isa = PBXBuildFile; fileRef = D043B1D71AF0BF2700FCC090 /* DiscorverController.m */; };
		D043B1DF1AF1B8E200FCC090 /* PeSearchBar.m in Sources */ = {isa = PBXBuildFile; fileRef = D043B1DE1AF1B8E200FCC090 /* PeSearchBar.m */; };
		D043B1E21AF1D0DF00FCC090 /* PeTitleButton.m in Sources */ = {isa = PBXBuildFile; fileRef = D043B1E11AF1D0DF00FCC090 /* PeTitleButton.m */; };
		D05488351AEF07CC00E37BD4 /* main.m in Sources */ = {isa = PBXBuildFile; fileRef = D05488341AEF07CC00E37BD4 /* main.m */; };
		D05488381AEF07CC00E37BD4 /* AppDelegate.m in Sources */ = {isa = PBXBuildFile; fileRef = D05488371AEF07CC00E37BD4 /* AppDelegate.m */; };
		D054883B1AEF07CC00E37BD4 /* ViewController.m in Sources */ = {isa = PBXBuildFile; fileRef = D054883A1AEF07CC00E37BD4 /* ViewController.m */; };
		D054883E1AEF07CC00E37BD4 /* Main.storyboard in Resources */ = {isa = PBXBuildFile; fileRef = D054883C1AEF07CC00E37BD4 /* Main.storyboard */; };
		D05488401AEF07CC00E37BD4 /* Images.xcassets in Resources */ = {isa = PBXBuildFile; fileRef = D054883F1AEF07CC00E37BD4 /* Images.xcassets */; };
		D054884F1AEF07CC00E37BD4 /* _428newWeiBoTests.m in Sources */ = {isa = PBXBuildFile; fileRef = D054884E1AEF07CC00E37BD4 /* _428newWeiBoTests.m */; };
		D054887C1AEF117E00E37BD4 /* UIBarButtonItem+Extension.m in Sources */ = {isa = PBXBuildFile; fileRef = D05488771AEF117E00E37BD4 /* UIBarButtonItem+Extension.m */; };
		D054887D1AEF117E00E37BD4 /* UIImage+Extension.m in Sources */ = {isa = PBXBuildFile; fileRef = D05488791AEF117E00E37BD4 /* UIImage+Extension.m */; };
		D054887E1AEF117E00E37BD4 /* UIView+Extension.m in Sources */ = {isa = PBXBuildFile; fileRef = D054887B1AEF117E00E37BD4 /* UIView+Extension.m */; };
		D0594E9F1AFA164E00BCAF53 /* PePopMenu.m in Sources */ = {isa = PBXBuildFile; fileRef = D0594E9E1AFA164E00BCAF53 /* PePopMenu.m */; };
		D0810A341AFCB360002D2478 /* ComPoseController.m in Sources */ = {isa = PBXBuildFile; fileRef = D0810A331AFCB360002D2478 /* ComPoseController.m */; };
		D0810A3B1B042999002D2478 /* NewFeatureController.m in Sources */ = {isa = PBXBuildFile; fileRef = D0810A3A1B042999002D2478 /* NewFeatureController.m */; };
		D08BD0EC1AFB65D300811B7E /* ProfileViewController.m in Sources */ = {isa = PBXBuildFile; fileRef = D08BD0EB1AFB65D300811B7E /* ProfileViewController.m */; };
		D08BD0F91AFB67D900811B7E /* PeTabBarViewController.m in Sources */ = {isa = PBXBuildFile; fileRef = D08BD0F71AFB67D900811B7E /* PeTabBarViewController.m */; };
		D09F48B61AFC4F240064B767 /* PeTabBar.m in Sources */ = {isa = PBXBuildFile; fileRef = D09F48B51AFC4F240064B767 /* PeTabBar.m */; };
/* End PBXBuildFile section */

/* Begin PBXContainerItemProxy section */
		D05488491AEF07CC00E37BD4 /* PBXContainerItemProxy */ = {
			isa = PBXContainerItemProxy;
			containerPortal = D05488271AEF07CC00E37BD4 /* Project object */;
			proxyType = 1;
			remoteGlobalIDString = D054882E1AEF07CC00E37BD4;
			remoteInfo = 0428newWeiBo;
		};
/* End PBXContainerItemProxy section */

/* Begin PBXFileReference section */
		D04083EE1B06CA9E0060770D /* MBProgressHUD+MJ.h */ = {isa = PBXFileReference; fileEncoding = 4; lastKnownFileType = sourcecode.c.h; path = "MBProgressHUD+MJ.h"; sourceTree = "<group>"; };
		D04083EF1B06CA9E0060770D /* MBProgressHUD+MJ.m */ = {isa = PBXFileReference; fileEncoding = 4; lastKnownFileType = sourcecode.c.objc; path = "MBProgressHUD+MJ.m"; sourceTree = "<group>"; };
		D04083F01B06CA9E0060770D /* MBProgressHUD.bundle */ = {isa = PBXFileReference; lastKnownFileType = "wrapper.plug-in"; path = MBProgressHUD.bundle; sourceTree = "<group>"; };
		D04083F11B06CA9E0060770D /* MBProgressHUD.h */ = {isa = PBXFileReference; fileEncoding = 4; lastKnownFileType = sourcecode.c.h; path = MBProgressHUD.h; sourceTree = "<group>"; };
		D04083F21B06CA9E0060770D /* MBProgressHUD.m */ = {isa = PBXFileReference; fileEncoding = 4; lastKnownFileType = sourcecode.c.objc; path = MBProgressHUD.m; sourceTree = "<group>"; };
		D04083F61B06CAC00060770D /* OauthController.h */ = {isa = PBXFileReference; fileEncoding = 4; lastKnownFileType = sourcecode.c.h; path = OauthController.h; sourceTree = "<group>"; };
		D04083F71B06CAC00060770D /* OauthController.m */ = {isa = PBXFileReference; fileEncoding = 4; lastKnownFileType = sourcecode.c.objc; path = OauthController.m; sourceTree = "<group>"; };
		D04083FA1B06CF0E0060770D /* AFHTTPRequestOperation.h */ = {isa = PBXFileReference; fileEncoding = 4; lastKnownFileType = sourcecode.c.h; path = AFHTTPRequestOperation.h; sourceTree = "<group>"; };
		D04083FB1B06CF0E0060770D /* AFHTTPRequestOperation.m */ = {isa = PBXFileReference; fileEncoding = 4; lastKnownFileType = sourcecode.c.objc; path = AFHTTPRequestOperation.m; sourceTree = "<group>"; };
		D04083FC1B06CF0E0060770D /* AFHTTPRequestOperationManager.h */ = {isa = PBXFileReference; fileEncoding = 4; lastKnownFileType = sourcecode.c.h; path = AFHTTPRequestOperationManager.h; sourceTree = "<group>"; };
		D04083FD1B06CF0E0060770D /* AFHTTPRequestOperationManager.m */ = {isa = PBXFileReference; fileEncoding = 4; lastKnownFileType = sourcecode.c.objc; path = AFHTTPRequestOperationManager.m; sourceTree = "<group>"; };
		D04083FE1B06CF0E0060770D /* AFHTTPSessionManager.h */ = {isa = PBXFileReference; fileEncoding = 4; lastKnownFileType = sourcecode.c.h; path = AFHTTPSessionManager.h; sourceTree = "<group>"; };
		D04083FF1B06CF0E0060770D /* AFHTTPSessionManager.m */ = {isa = PBXFileReference; fileEncoding = 4; lastKnownFileType = sourcecode.c.objc; path = AFHTTPSessionManager.m; sourceTree = "<group>"; };
		D04084001B06CF0E0060770D /* AFNetworking.h */ = {isa = PBXFileReference; fileEncoding = 4; lastKnownFileType = sourcecode.c.h; path = AFNetworking.h; sourceTree = "<group>"; };
		D04084011B06CF0E0060770D /* AFNetworkReachabilityManager.h */ = {isa = PBXFileReference; fileEncoding = 4; lastKnownFileType = sourcecode.c.h; path = AFNetworkReachabilityManager.h; sourceTree = "<group>"; };
		D04084021B06CF0E0060770D /* AFNetworkReachabilityManager.m */ = {isa = PBXFileReference; fileEncoding = 4; lastKnownFileType = sourcecode.c.objc; path = AFNetworkReachabilityManager.m; sourceTree = "<group>"; };
		D04084031B06CF0E0060770D /* AFSecurityPolicy.h */ = {isa = PBXFileReference; fileEncoding = 4; lastKnownFileType = sourcecode.c.h; path = AFSecurityPolicy.h; sourceTree = "<group>"; };
		D04084041B06CF0E0060770D /* AFSecurityPolicy.m */ = {isa = PBXFileReference; fileEncoding = 4; lastKnownFileType = sourcecode.c.objc; path = AFSecurityPolicy.m; sourceTree = "<group>"; };
		D04084051B06CF0E0060770D /* AFURLConnectionOperation.h */ = {isa = PBXFileReference; fileEncoding = 4; lastKnownFileType = sourcecode.c.h; path = AFURLConnectionOperation.h; sourceTree = "<group>"; };
		D04084061B06CF0E0060770D /* AFURLConnectionOperation.m */ = {isa = PBXFileReference; fileEncoding = 4; lastKnownFileType = sourcecode.c.objc; path = AFURLConnectionOperation.m; sourceTree = "<group>"; };
		D04084071B06CF0E0060770D /* AFURLRequestSerialization.h */ = {isa = PBXFileReference; fileEncoding = 4; lastKnownFileType = sourcecode.c.h; path = AFURLRequestSerialization.h; sourceTree = "<group>"; };
		D04084081B06CF0E0060770D /* AFURLRequestSerialization.m */ = {isa = PBXFileReference; fileEncoding = 4; lastKnownFileType = sourcecode.c.objc; path = AFURLRequestSerialization.m; sourceTree = "<group>"; };
		D04084091B06CF0E0060770D /* AFURLResponseSerialization.h */ = {isa = PBXFileReference; fileEncoding = 4; lastKnownFileType = sourcecode.c.h; path = AFURLResponseSerialization.h; sourceTree = "<group>"; };
		D040840A1B06CF0E0060770D /* AFURLResponseSerialization.m */ = {isa = PBXFileReference; fileEncoding = 4; lastKnownFileType = sourcecode.c.objc; path = AFURLResponseSerialization.m; sourceTree = "<group>"; };
		D040840B1B06CF0E0060770D /* AFURLSessionManager.h */ = {isa = PBXFileReference; fileEncoding = 4; lastKnownFileType = sourcecode.c.h; path = AFURLSessionManager.h; sourceTree = "<group>"; };
		D040840C1B06CF0E0060770D /* AFURLSessionManager.m */ = {isa = PBXFileReference; fileEncoding = 4; lastKnownFileType = sourcecode.c.objc; path = AFURLSessionManager.m; sourceTree = "<group>"; };
		D043B1C81AEF9D3E00FCC090 /* HomeViewController.h */ = {isa = PBXFileReference; fileEncoding = 4; lastKnownFileType = sourcecode.c.h; path = HomeViewController.h; sourceTree = "<group>"; };
		D043B1C91AEF9D3E00FCC090 /* HomeViewController.m */ = {isa = PBXFileReference; fileEncoding = 4; lastKnownFileType = sourcecode.c.objc; path = HomeViewController.m; sourceTree = "<group>"; };
		D043B1CE1AF0718200FCC090 /* Keyboard.xib */ = {isa = PBXFileReference; fileEncoding = 4; lastKnownFileType = file.xib; path = Keyboard.xib; sourceTree = "<group>"; };
		D043B1D01AF0739700FCC090 /* KeyboardTool.xib */ = {isa = PBXFileReference; fileEncoding = 4; lastKnownFileType = file.xib; path = KeyboardTool.xib; sourceTree = "<group>"; };
		D043B1D61AF0BF2700FCC090 /* DiscorverController.h */ = {isa = PBXFileReference; fileEncoding = 4; lastKnownFileType = sourcecode.c.h; path = DiscorverController.h; sourceTree = "<group>"; };
		D043B1D71AF0BF2700FCC090 /* DiscorverController.m */ = {isa = PBXFileReference; fileEncoding = 4; lastKnownFileType = sourcecode.c.objc; path = DiscorverController.m; sourceTree = "<group>"; };
		D043B1DD1AF1B8E200FCC090 /* PeSearchBar.h */ = {isa = PBXFileReference; fileEncoding = 4; lastKnownFileType = sourcecode.c.h; path = PeSearchBar.h; sourceTree = "<group>"; };
		D043B1DE1AF1B8E200FCC090 /* PeSearchBar.m */ = {isa = PBXFileReference; fileEncoding = 4; lastKnownFileType = sourcecode.c.objc; path = PeSearchBar.m; sourceTree = "<group>"; };
		D043B1E01AF1D0DF00FCC090 /* PeTitleButton.h */ = {isa = PBXFileReference; fileEncoding = 4; lastKnownFileType = sourcecode.c.h; path = PeTitleButton.h; sourceTree = "<group>"; };
		D043B1E11AF1D0DF00FCC090 /* PeTitleButton.m */ = {isa = PBXFileReference; fileEncoding = 4; lastKnownFileType = sourcecode.c.objc; path = PeTitleButton.m; sourceTree = "<group>"; };
		D054882F1AEF07CC00E37BD4 /* 0428newWeiBo.app */ = {isa = PBXFileReference; explicitFileType = wrapper.application; includeInIndex = 0; path = 0428newWeiBo.app; sourceTree = BUILT_PRODUCTS_DIR; };
		D05488331AEF07CC00E37BD4 /* Info.plist */ = {isa = PBXFileReference; lastKnownFileType = text.plist.xml; path = Info.plist; sourceTree = "<group>"; };
		D05488341AEF07CC00E37BD4 /* main.m */ = {isa = PBXFileReference; lastKnownFileType = sourcecode.c.objc; path = main.m; sourceTree = "<group>"; };
		D05488361AEF07CC00E37BD4 /* AppDelegate.h */ = {isa = PBXFileReference; lastKnownFileType = sourcecode.c.h; name = AppDelegate.h; path = ../../../AppDelegate.h; sourceTree = "<group>"; };
		D05488371AEF07CC00E37BD4 /* AppDelegate.m */ = {isa = PBXFileReference; lastKnownFileType = sourcecode.c.objc; name = AppDelegate.m; path = ../../../AppDelegate.m; sourceTree = "<group>"; };
		D05488391AEF07CC00E37BD4 /* ViewController.h */ = {isa = PBXFileReference; lastKnownFileType = sourcecode.c.h; path = ViewController.h; sourceTree = "<group>"; };
		D054883A1AEF07CC00E37BD4 /* ViewController.m */ = {isa = PBXFileReference; lastKnownFileType = sourcecode.c.objc; path = ViewController.m; sourceTree = "<group>"; };
		D054883D1AEF07CC00E37BD4 /* Base */ = {isa = PBXFileReference; lastKnownFileType = file.storyboard; name = Base; path = Base.lproj/Main.storyboard; sourceTree = "<group>"; };
		D054883F1AEF07CC00E37BD4 /* Images.xcassets */ = {isa = PBXFileReference; lastKnownFileType = folder.assetcatalog; path = Images.xcassets; sourceTree = "<group>"; };
		D05488481AEF07CC00E37BD4 /* 0428newWeiBoTests.xctest */ = {isa = PBXFileReference; explicitFileType = wrapper.cfbundle; includeInIndex = 0; path = 0428newWeiBoTests.xctest; sourceTree = BUILT_PRODUCTS_DIR; };
		D054884D1AEF07CC00E37BD4 /* Info.plist */ = {isa = PBXFileReference; lastKnownFileType = text.plist.xml; path = Info.plist; sourceTree = "<group>"; };
		D054884E1AEF07CC00E37BD4 /* _428newWeiBoTests.m */ = {isa = PBXFileReference; lastKnownFileType = sourcecode.c.objc; path = _428newWeiBoTests.m; sourceTree = "<group>"; };
		D05488751AEF0F9B00E37BD4 /* PrefixHeader.pch */ = {isa = PBXFileReference; lastKnownFileType = sourcecode.c.h; path = PrefixHeader.pch; sourceTree = "<group>"; };
		D05488761AEF117E00E37BD4 /* UIBarButtonItem+Extension.h */ = {isa = PBXFileReference; fileEncoding = 4; lastKnownFileType = sourcecode.c.h; path = "UIBarButtonItem+Extension.h"; sourceTree = "<group>"; };
		D05488771AEF117E00E37BD4 /* UIBarButtonItem+Extension.m */ = {isa = PBXFileReference; fileEncoding = 4; lastKnownFileType = sourcecode.c.objc; path = "UIBarButtonItem+Extension.m"; sourceTree = "<group>"; };
		D05488781AEF117E00E37BD4 /* UIImage+Extension.h */ = {isa = PBXFileReference; fileEncoding = 4; lastKnownFileType = sourcecode.c.h; path = "UIImage+Extension.h"; sourceTree = "<group>"; };
		D05488791AEF117E00E37BD4 /* UIImage+Extension.m */ = {isa = PBXFileReference; fileEncoding = 4; lastKnownFileType = sourcecode.c.objc; path = "UIImage+Extension.m"; sourceTree = "<group>"; };
		D054887A1AEF117E00E37BD4 /* UIView+Extension.h */ = {isa = PBXFileReference; fileEncoding = 4; lastKnownFileType = sourcecode.c.h; path = "UIView+Extension.h"; sourceTree = "<group>"; };
		D054887B1AEF117E00E37BD4 /* UIView+Extension.m */ = {isa = PBXFileReference; fileEncoding = 4; lastKnownFileType = sourcecode.c.objc; path = "UIView+Extension.m"; sourceTree = "<group>"; };
		D0594E9D1AFA164E00BCAF53 /* PePopMenu.h */ = {isa = PBXFileReference; fileEncoding = 4; lastKnownFileType = sourcecode.c.h; path = PePopMenu.h; sourceTree = "<group>"; };
		D0594E9E1AFA164E00BCAF53 /* PePopMenu.m */ = {isa = PBXFileReference; fileEncoding = 4; lastKnownFileType = sourcecode.c.objc; path = PePopMenu.m; sourceTree = "<group>"; };
		D0810A321AFCB360002D2478 /* ComPoseController.h */ = {isa = PBXFileReference; fileEncoding = 4; lastKnownFileType = sourcecode.c.h; path = ComPoseController.h; sourceTree = "<group>"; };
		D0810A331AFCB360002D2478 /* ComPoseController.m */ = {isa = PBXFileReference; fileEncoding = 4; lastKnownFileType = sourcecode.c.objc; path = ComPoseController.m; sourceTree = "<group>"; };
		D0810A391B042999002D2478 /* NewFeatureController.h */ = {isa = PBXFileReference; fileEncoding = 4; lastKnownFileType = sourcecode.c.h; path = NewFeatureController.h; sourceTree = "<group>"; };
		D0810A3A1B042999002D2478 /* NewFeatureController.m */ = {isa = PBXFileReference; fileEncoding = 4; lastKnownFileType = sourcecode.c.objc; path = NewFeatureController.m; sourceTree = "<group>"; };
		D08BD0EA1AFB65D300811B7E /* ProfileViewController.h */ = {isa = PBXFileReference; fileEncoding = 4; lastKnownFileType = sourcecode.c.h; path = ProfileViewController.h; sourceTree = "<group>"; };
		D08BD0EB1AFB65D300811B7E /* ProfileViewController.m */ = {isa = PBXFileReference; fileEncoding = 4; lastKnownFileType = sourcecode.c.objc; path = ProfileViewController.m; sourceTree = "<group>"; };
		D08BD0F61AFB67D900811B7E /* PeTabBarViewController.h */ = {isa = PBXFileReference; fileEncoding = 4; lastKnownFileType = sourcecode.c.h; path = PeTabBarViewController.h; sourceTree = "<group>"; };
		D08BD0F71AFB67D900811B7E /* PeTabBarViewController.m */ = {isa = PBXFileReference; fileEncoding = 4; lastKnownFileType = sourcecode.c.objc; path = PeTabBarViewController.m; sourceTree = "<group>"; };
		D09F48B41AFC4F240064B767 /* PeTabBar.h */ = {isa = PBXFileReference; fileEncoding = 4; lastKnownFileType = sourcecode.c.h; path = PeTabBar.h; sourceTree = "<group>"; };
		D09F48B51AFC4F240064B767 /* PeTabBar.m */ = {isa = PBXFileReference; fileEncoding = 4; lastKnownFileType = sourcecode.c.objc; path = PeTabBar.m; sourceTree = "<group>"; };
/* End PBXFileReference section */

/* Begin PBXFrameworksBuildPhase section */
		D054882C1AEF07CC00E37BD4 /* Frameworks */ = {
			isa = PBXFrameworksBuildPhase;
			buildActionMask = 2147483647;
			files = (
			);
			runOnlyForDeploymentPostprocessing = 0;
		};
		D05488451AEF07CC00E37BD4 /* Frameworks */ = {
			isa = PBXFrameworksBuildPhase;
			buildActionMask = 2147483647;
			files = (
			);
			runOnlyForDeploymentPostprocessing = 0;
		};
/* End PBXFrameworksBuildPhase section */

/* Begin PBXGroup section */
		D04083E81B06C9D60060770D /* oauth (授权界面) */ = {
			isa = PBXGroup;
			children = (
				D04083E91B06C9D60060770D /* controller */,
				D04083EA1B06C9D60060770D /* model */,
				D04083EB1B06C9D60060770D /* view */,
			);
			path = "oauth (授权界面)";
			sourceTree = "<group>";
		};
		D04083E91B06C9D60060770D /* controller */ = {
			isa = PBXGroup;
			children = (
				D04083F61B06CAC00060770D /* OauthController.h */,
				D04083F71B06CAC00060770D /* OauthController.m */,
			);
			path = controller;
			sourceTree = "<group>";
		};
		D04083EA1B06C9D60060770D /* model */ = {
			isa = PBXGroup;
			children = (
			);
			path = model;
			sourceTree = "<group>";
		};
		D04083EB1B06C9D60060770D /* view */ = {
			isa = PBXGroup;
			children = (
			);
			path = view;
			sourceTree = "<group>";
		};
		D04083EC1B06CA9E0060770D /* Lib */ = {
			isa = PBXGroup;
			children = (
				D04083F91B06CF0E0060770D /* AFNetworking */,
				D04083ED1B06CA9E0060770D /* MBProgressHUD */,
			);
			path = Lib;
			sourceTree = "<group>";
		};
		D04083ED1B06CA9E0060770D /* MBProgressHUD */ = {
			isa = PBXGroup;
			children = (
				D04083EE1B06CA9E0060770D /* MBProgressHUD+MJ.h */,
				D04083EF1B06CA9E0060770D /* MBProgressHUD+MJ.m */,
				D04083F01B06CA9E0060770D /* MBProgressHUD.bundle */,
				D04083F11B06CA9E0060770D /* MBProgressHUD.h */,
				D04083F21B06CA9E0060770D /* MBProgressHUD.m */,
			);
			path = MBProgressHUD;
			sourceTree = "<group>";
		};
		D04083F91B06CF0E0060770D /* AFNetworking */ = {
			isa = PBXGroup;
			children = (
				D04083FA1B06CF0E0060770D /* AFHTTPRequestOperation.h */,
				D04083FB1B06CF0E0060770D /* AFHTTPRequestOperation.m */,
				D04083FC1B06CF0E0060770D /* AFHTTPRequestOperationManager.h */,
				D04083FD1B06CF0E0060770D /* AFHTTPRequestOperationManager.m */,
				D04083FE1B06CF0E0060770D /* AFHTTPSessionManager.h */,
				D04083FF1B06CF0E0060770D /* AFHTTPSessionManager.m */,
				D04084001B06CF0E0060770D /* AFNetworking.h */,
				D04084011B06CF0E0060770D /* AFNetworkReachabilityManager.h */,
				D04084021B06CF0E0060770D /* AFNetworkReachabilityManager.m */,
				D04084031B06CF0E0060770D /* AFSecurityPolicy.h */,
				D04084041B06CF0E0060770D /* AFSecurityPolicy.m */,
				D04084051B06CF0E0060770D /* AFURLConnectionOperation.h */,
				D04084061B06CF0E0060770D /* AFURLConnectionOperation.m */,
				D04084071B06CF0E0060770D /* AFURLRequestSerialization.h */,
				D04084081B06CF0E0060770D /* AFURLRequestSerialization.m */,
				D04084091B06CF0E0060770D /* AFURLResponseSerialization.h */,
				D040840A1B06CF0E0060770D /* AFURLResponseSerialization.m */,
				D040840B1B06CF0E0060770D /* AFURLSessionManager.h */,
				D040840C1B06CF0E0060770D /* AFURLSessionManager.m */,
			);
			path = AFNetworking;
			sourceTree = "<group>";
		};
		D043B1D21AF0BEEE00FCC090 /* discorver(发现) */ = {
			isa = PBXGroup;
			children = (
				D043B1DC1AF1B8D200FCC090 /* view */,
				D043B1D31AF0BEEE00FCC090 /* controller */,
				D043B1D41AF0BEEE00FCC090 /* model */,
			);
			path = "discorver(发现)";
			sourceTree = "<group>";
		};
		D043B1D31AF0BEEE00FCC090 /* controller */ = {
			isa = PBXGroup;
			children = (
				D043B1D61AF0BF2700FCC090 /* DiscorverController.h */,
				D043B1D71AF0BF2700FCC090 /* DiscorverController.m */,
			);
			path = controller;
			sourceTree = "<group>";
		};
		D043B1D41AF0BEEE00FCC090 /* model */ = {
			isa = PBXGroup;
			children = (
			);
			path = model;
			sourceTree = "<group>";
		};
		D043B1DC1AF1B8D200FCC090 /* view */ = {
			isa = PBXGroup;
			children = (
				D043B1DD1AF1B8E200FCC090 /* PeSearchBar.h */,
				D043B1DE1AF1B8E200FCC090 /* PeSearchBar.m */,
			);
			path = view;
			sourceTree = "<group>";
		};
		D05488261AEF07CC00E37BD4 = {
			isa = PBXGroup;
			children = (
				D05488311AEF07CC00E37BD4 /* 0428newWeiBo */,
				D054884B1AEF07CC00E37BD4 /* 0428newWeiBoTests */,
				D05488301AEF07CC00E37BD4 /* Products */,
			);
			sourceTree = "<group>";
		};
		D05488301AEF07CC00E37BD4 /* Products */ = {
			isa = PBXGroup;
			children = (
				D054882F1AEF07CC00E37BD4 /* 0428newWeiBo.app */,
				D05488481AEF07CC00E37BD4 /* 0428newWeiBoTests.xctest */,
			);
			name = Products;
			sourceTree = "<group>";
		};
		D05488311AEF07CC00E37BD4 /* 0428newWeiBo */ = {
			isa = PBXGroup;
			children = (
				D05488581AEF08C700E37BD4 /* classes */,
				D05488391AEF07CC00E37BD4 /* ViewController.h */,
				D054883A1AEF07CC00E37BD4 /* ViewController.m */,
				D054883C1AEF07CC00E37BD4 /* Main.storyboard */,
				D054883F1AEF07CC00E37BD4 /* Images.xcassets */,
				D05488321AEF07CC00E37BD4 /* Supporting Files */,
				D05488751AEF0F9B00E37BD4 /* PrefixHeader.pch */,
			);
			path = 0428newWeiBo;
			sourceTree = "<group>";
		};
		D05488321AEF07CC00E37BD4 /* Supporting Files */ = {
			isa = PBXGroup;
			children = (
				D05488331AEF07CC00E37BD4 /* Info.plist */,
				D05488341AEF07CC00E37BD4 /* main.m */,
			);
			name = "Supporting Files";
			sourceTree = "<group>";
		};
		D054884B1AEF07CC00E37BD4 /* 0428newWeiBoTests */ = {
			isa = PBXGroup;
			children = (
				D054884E1AEF07CC00E37BD4 /* _428newWeiBoTests.m */,
				D054884C1AEF07CC00E37BD4 /* Supporting Files */,
			);
			path = 0428newWeiBoTests;
			sourceTree = "<group>";
		};
		D054884C1AEF07CC00E37BD4 /* Supporting Files */ = {
			isa = PBXGroup;
			children = (
				D054884D1AEF07CC00E37BD4 /* Info.plist */,
			);
			name = "Supporting Files";
			sourceTree = "<group>";
		};
		D05488581AEF08C700E37BD4 /* classes */ = {
			isa = PBXGroup;
			children = (
				D04083E81B06C9D60060770D /* oauth (授权界面) */,
				D0810A351B042977002D2478 /* newfeature(新特性) */,
				D0810A2E1AFCB337002D2478 /* compose（发微博） */,
				D043B1D21AF0BEEE00FCC090 /* discorver(发现) */,
				D05488591AEF08C700E37BD4 /* home(首页) */,
				D054885D1AEF08C700E37BD4 /* main(主要) */,
				D05488631AEF08C700E37BD4 /* message(消息) */,
				D054886B1AEF08C700E37BD4 /* profile(我) */,
			);
			path = classes;
			sourceTree = "<group>";
		};
		D05488591AEF08C700E37BD4 /* home(首页) */ = {
			isa = PBXGroup;
			children = (
				D054885A1AEF08C700E37BD4 /* controller */,
				D054885B1AEF08C700E37BD4 /* model */,
				D054885C1AEF08C700E37BD4 /* view */,
			);
			path = "home(首页)";
			sourceTree = "<group>";
		};
		D054885A1AEF08C700E37BD4 /* controller */ = {
			isa = PBXGroup;
			children = (
				D043B1C81AEF9D3E00FCC090 /* HomeViewController.h */,
				D043B1C91AEF9D3E00FCC090 /* HomeViewController.m */,
			);
			path = controller;
			sourceTree = "<group>";
		};
		D054885B1AEF08C700E37BD4 /* model */ = {
			isa = PBXGroup;
			children = (
			);
			path = model;
			sourceTree = "<group>";
		};
		D054885C1AEF08C700E37BD4 /* view */ = {
			isa = PBXGroup;
			children = (
				D043B1D01AF0739700FCC090 /* KeyboardTool.xib */,
				D043B1CE1AF0718200FCC090 /* Keyboard.xib */,
				D043B1E01AF1D0DF00FCC090 /* PeTitleButton.h */,
				D043B1E11AF1D0DF00FCC090 /* PeTitleButton.m */,
				D0594E9D1AFA164E00BCAF53 /* PePopMenu.h */,
				D0594E9E1AFA164E00BCAF53 /* PePopMenu.m */,
			);
			path = view;
			sourceTree = "<group>";
		};
		D054885D1AEF08C700E37BD4 /* main(主要) */ = {
			isa = PBXGroup;
			children = (
				D04083EC1B06CA9E0060770D /* Lib */,
				D08BD0F31AFB67CF00811B7E /* controller */,
				D054885E1AEF08C700E37BD4 /* category */,
				D05488601AEF08C700E37BD4 /* model */,
				D05488611AEF08C700E37BD4 /* other */,
				D05488621AEF08C700E37BD4 /* view */,
			);
			path = "main(主要)";
			sourceTree = "<group>";
		};
		D054885E1AEF08C700E37BD4 /* category */ = {
			isa = PBXGroup;
			children = (
				D05488761AEF117E00E37BD4 /* UIBarButtonItem+Extension.h */,
				D05488771AEF117E00E37BD4 /* UIBarButtonItem+Extension.m */,
				D05488781AEF117E00E37BD4 /* UIImage+Extension.h */,
				D05488791AEF117E00E37BD4 /* UIImage+Extension.m */,
				D054887A1AEF117E00E37BD4 /* UIView+Extension.h */,
				D054887B1AEF117E00E37BD4 /* UIView+Extension.m */,
			);
			path = category;
			sourceTree = "<group>";
		};
		D05488601AEF08C700E37BD4 /* model */ = {
			isa = PBXGroup;
			children = (
			);
			path = model;
			sourceTree = "<group>";
		};
		D05488611AEF08C700E37BD4 /* other */ = {
			isa = PBXGroup;
			children = (
				D05488371AEF07CC00E37BD4 /* AppDelegate.m */,
				D05488361AEF07CC00E37BD4 /* AppDelegate.h */,
			);
			path = other;
			sourceTree = "<group>";
		};
		D05488621AEF08C700E37BD4 /* view */ = {
			isa = PBXGroup;
			children = (
				D09F48B41AFC4F240064B767 /* PeTabBar.h */,
				D09F48B51AFC4F240064B767 /* PeTabBar.m */,
			);
			path = view;
			sourceTree = "<group>";
		};
		D05488631AEF08C700E37BD4 /* message(消息) */ = {
			isa = PBXGroup;
			children = (
				D05488641AEF08C700E37BD4 /* controller */,
				D05488651AEF08C700E37BD4 /* model */,
				D05488661AEF08C700E37BD4 /* view */,
			);
			path = "message(消息)";
			sourceTree = "<group>";
		};
		D05488641AEF08C700E37BD4 /* controller */ = {
			isa = PBXGroup;
			children = (
			);
			path = controller;
			sourceTree = "<group>";
		};
		D05488651AEF08C700E37BD4 /* model */ = {
			isa = PBXGroup;
			children = (
			);
			path = model;
			sourceTree = "<group>";
		};
		D05488661AEF08C700E37BD4 /* view */ = {
			isa = PBXGroup;
			children = (
			);
			path = view;
			sourceTree = "<group>";
		};
		D054886B1AEF08C700E37BD4 /* profile(我) */ = {
			isa = PBXGroup;
			children = (
				D08BD0E91AFB65C300811B7E /* controller */,
				D054886D1AEF08C700E37BD4 /* model */,
				D054886E1AEF08C700E37BD4 /* view */,
			);
			path = "profile(我)";
			sourceTree = "<group>";
		};
		D054886D1AEF08C700E37BD4 /* model */ = {
			isa = PBXGroup;
			children = (
			);
			path = model;
			sourceTree = "<group>";
		};
		D054886E1AEF08C700E37BD4 /* view */ = {
			isa = PBXGroup;
			children = (
			);
			path = view;
			sourceTree = "<group>";
		};
		D0810A2E1AFCB337002D2478 /* compose（发微博） */ = {
			isa = PBXGroup;
			children = (
				D0810A2F1AFCB337002D2478 /* controller */,
				D0810A301AFCB337002D2478 /* model */,
				D0810A311AFCB337002D2478 /* view */,
			);
			path = "compose（发微博）";
			sourceTree = "<group>";
		};
		D0810A2F1AFCB337002D2478 /* controller */ = {
			isa = PBXGroup;
			children = (
				D0810A321AFCB360002D2478 /* ComPoseController.h */,
				D0810A331AFCB360002D2478 /* ComPoseController.m */,
			);
			path = controller;
			sourceTree = "<group>";
		};
		D0810A301AFCB337002D2478 /* model */ = {
			isa = PBXGroup;
			children = (
			);
			path = model;
			sourceTree = "<group>";
		};
		D0810A311AFCB337002D2478 /* view */ = {
			isa = PBXGroup;
			children = (
			);
			path = view;
			sourceTree = "<group>";
		};
		D0810A351B042977002D2478 /* newfeature(新特性) */ = {
			isa = PBXGroup;
			children = (
				D0810A361B042977002D2478 /* controller */,
				D0810A371B042977002D2478 /* model */,
				D0810A381B042977002D2478 /* view */,
			);
			path = "newfeature(新特性)";
			sourceTree = "<group>";
		};
		D0810A361B042977002D2478 /* controller */ = {
			isa = PBXGroup;
			children = (
				D0810A391B042999002D2478 /* NewFeatureController.h */,
				D0810A3A1B042999002D2478 /* NewFeatureController.m */,
			);
			path = controller;
			sourceTree = "<group>";
		};
		D0810A371B042977002D2478 /* model */ = {
			isa = PBXGroup;
			children = (
			);
			path = model;
			sourceTree = "<group>";
		};
		D0810A381B042977002D2478 /* view */ = {
			isa = PBXGroup;
			children = (
			);
			path = view;
			sourceTree = "<group>";
		};
		D08BD0E91AFB65C300811B7E /* controller */ = {
			isa = PBXGroup;
			children = (
				D08BD0EA1AFB65D300811B7E /* ProfileViewController.h */,
				D08BD0EB1AFB65D300811B7E /* ProfileViewController.m */,
			);
			path = controller;
			sourceTree = "<group>";
		};
		D08BD0F31AFB67CF00811B7E /* controller */ = {
			isa = PBXGroup;
			children = (
				D08BD0F61AFB67D900811B7E /* PeTabBarViewController.h */,
				D08BD0F71AFB67D900811B7E /* PeTabBarViewController.m */,
			);
			path = controller;
			sourceTree = "<group>";
		};
/* End PBXGroup section */

/* Begin PBXNativeTarget section */
		D054882E1AEF07CC00E37BD4 /* 0428newWeiBo */ = {
			isa = PBXNativeTarget;
			buildConfigurationList = D05488521AEF07CC00E37BD4 /* Build configuration list for PBXNativeTarget "0428newWeiBo" */;
			buildPhases = (
				D054882B1AEF07CC00E37BD4 /* Sources */,
				D054882C1AEF07CC00E37BD4 /* Frameworks */,
				D054882D1AEF07CC00E37BD4 /* Resources */,
			);
			buildRules = (
			);
			dependencies = (
			);
			name = 0428newWeiBo;
			productName = 0428newWeiBo;
			productReference = D054882F1AEF07CC00E37BD4 /* 0428newWeiBo.app */;
			productType = "com.apple.product-type.application";
		};
		D05488471AEF07CC00E37BD4 /* 0428newWeiBoTests */ = {
			isa = PBXNativeTarget;
			buildConfigurationList = D05488551AEF07CC00E37BD4 /* Build configuration list for PBXNativeTarget "0428newWeiBoTests" */;
			buildPhases = (
				D05488441AEF07CC00E37BD4 /* Sources */,
				D05488451AEF07CC00E37BD4 /* Frameworks */,
				D05488461AEF07CC00E37BD4 /* Resources */,
			);
			buildRules = (
			);
			dependencies = (
				D054884A1AEF07CC00E37BD4 /* PBXTargetDependency */,
			);
			name = 0428newWeiBoTests;
			productName = 0428newWeiBoTests;
			productReference = D05488481AEF07CC00E37BD4 /* 0428newWeiBoTests.xctest */;
			productType = "com.apple.product-type.bundle.unit-test";
		};
/* End PBXNativeTarget section */

/* Begin PBXProject section */
		D05488271AEF07CC00E37BD4 /* Project object */ = {
			isa = PBXProject;
			attributes = {
				LastUpgradeCheck = 0630;
				ORGANIZATIONNAME = "peter　";
				TargetAttributes = {
					D054882E1AEF07CC00E37BD4 = {
						CreatedOnToolsVersion = 6.3;
					};
					D05488471AEF07CC00E37BD4 = {
						CreatedOnToolsVersion = 6.3;
						TestTargetID = D054882E1AEF07CC00E37BD4;
					};
				};
			};
			buildConfigurationList = D054882A1AEF07CC00E37BD4 /* Build configuration list for PBXProject "0428newWeiBo" */;
			compatibilityVersion = "Xcode 3.2";
			developmentRegion = English;
			hasScannedForEncodings = 0;
			knownRegions = (
				en,
				Base,
			);
			mainGroup = D05488261AEF07CC00E37BD4;
			productRefGroup = D05488301AEF07CC00E37BD4 /* Products */;
			projectDirPath = "";
			projectRoot = "";
			targets = (
				D054882E1AEF07CC00E37BD4 /* 0428newWeiBo */,
				D05488471AEF07CC00E37BD4 /* 0428newWeiBoTests */,
			);
		};
/* End PBXProject section */

/* Begin PBXResourcesBuildPhase section */
		D054882D1AEF07CC00E37BD4 /* Resources */ = {
			isa = PBXResourcesBuildPhase;
			buildActionMask = 2147483647;
			files = (
				D043B1D11AF0739700FCC090 /* KeyboardTool.xib in Resources */,
				D054883E1AEF07CC00E37BD4 /* Main.storyboard in Resources */,
				D04083F41B06CA9E0060770D /* MBProgressHUD.bundle in Resources */,
				D05488401AEF07CC00E37BD4 /* Images.xcassets in Resources */,
				D043B1CF1AF0718200FCC090 /* Keyboard.xib in Resources */,
			);
			runOnlyForDeploymentPostprocessing = 0;
		};
		D05488461AEF07CC00E37BD4 /* Resources */ = {
			isa = PBXResourcesBuildPhase;
			buildActionMask = 2147483647;
			files = (
			);
			runOnlyForDeploymentPostprocessing = 0;
		};
/* End PBXResourcesBuildPhase section */

/* Begin PBXSourcesBuildPhase section */
		D054882B1AEF07CC00E37BD4 /* Sources */ = {
			isa = PBXSourcesBuildPhase;
			buildActionMask = 2147483647;
			files = (
				D054883B1AEF07CC00E37BD4 /* ViewController.m in Sources */,
				D043B1D81AF0BF2700FCC090 /* DiscorverController.m in Sources */,
				D05488381AEF07CC00E37BD4 /* AppDelegate.m in Sources */,
				D05488351AEF07CC00E37BD4 /* main.m in Sources */,
				D04084121B06CF0E0060770D /* AFURLConnectionOperation.m in Sources */,
				D04084111B06CF0E0060770D /* AFSecurityPolicy.m in Sources */,
				D09F48B61AFC4F240064B767 /* PeTabBar.m in Sources */,
				D040840F1B06CF0E0060770D /* AFHTTPSessionManager.m in Sources */,
				D054887E1AEF117E00E37BD4 /* UIView+Extension.m in Sources */,
				D054887D1AEF117E00E37BD4 /* UIImage+Extension.m in Sources */,
				D054887C1AEF117E00E37BD4 /* UIBarButtonItem+Extension.m in Sources */,
				D04083F31B06CA9E0060770D /* MBProgressHUD+MJ.m in Sources */,
				D0810A341AFCB360002D2478 /* ComPoseController.m in Sources */,
				D043B1DF1AF1B8E200FCC090 /* PeSearchBar.m in Sources */,
				D040840E1B06CF0E0060770D /* AFHTTPRequestOperationManager.m in Sources */,
				D08BD0EC1AFB65D300811B7E /* ProfileViewController.m in Sources */,
				D040840D1B06CF0E0060770D /* AFHTTPRequestOperation.m in Sources */,
				D04084151B06CF0E0060770D /* AFURLSessionManager.m in Sources */,
				D0810A3B1B042999002D2478 /* NewFeatureController.m in Sources */,
				D04084101B06CF0E0060770D /* AFNetworkReachabilityManager.m in Sources */,
				D04084141B06CF0E0060770D /* AFURLResponseSerialization.m in Sources */,
				D04084131B06CF0E0060770D /* AFURLRequestSerialization.m in Sources */,
				D04083F51B06CA9E0060770D /* MBProgressHUD.m in Sources */,
				D043B1CA1AEF9D3E00FCC090 /* HomeViewController.m in Sources */,
				D043B1E21AF1D0DF00FCC090 /* PeTitleButton.m in Sources */,
				D04083F81B06CAC00060770D /* OauthController.m in Sources */,
				D0594E9F1AFA164E00BCAF53 /* PePopMenu.m in Sources */,
				D08BD0F91AFB67D900811B7E /* PeTabBarViewController.m in Sources */,
			);
			runOnlyForDeploymentPostprocessing = 0;
		};
		D05488441AEF07CC00E37BD4 /* Sources */ = {
			isa = PBXSourcesBuildPhase;
			buildActionMask = 2147483647;
			files = (
				D054884F1AEF07CC00E37BD4 /* _428newWeiBoTests.m in Sources */,
			);
			runOnlyForDeploymentPostprocessing = 0;
		};
/* End PBXSourcesBuildPhase section */

/* Begin PBXTargetDependency section */
		D054884A1AEF07CC00E37BD4 /* PBXTargetDependency */ = {
			isa = PBXTargetDependency;
			target = D054882E1AEF07CC00E37BD4 /* 0428newWeiBo */;
			targetProxy = D05488491AEF07CC00E37BD4 /* PBXContainerItemProxy */;
		};
/* End PBXTargetDependency section */

/* Begin PBXVariantGroup section */
		D054883C1AEF07CC00E37BD4 /* Main.storyboard */ = {
			isa = PBXVariantGroup;
			children = (
				D054883D1AEF07CC00E37BD4 /* Base */,
			);
			name = Main.storyboard;
			sourceTree = "<group>";
		};
/* End PBXVariantGroup section */

/* Begin XCBuildConfiguration section */
		D05488501AEF07CC00E37BD4 /* Debug */ = {
			isa = XCBuildConfiguration;
			buildSettings = {
				ALWAYS_SEARCH_USER_PATHS = NO;
				CLANG_CXX_LANGUAGE_STANDARD = "gnu++0x";
				CLANG_CXX_LIBRARY = "libc++";
				CLANG_ENABLE_MODULES = YES;
				CLANG_ENABLE_OBJC_ARC = YES;
				CLANG_WARN_BOOL_CONVERSION = YES;
				CLANG_WARN_CONSTANT_CONVERSION = YES;
				CLANG_WARN_DIRECT_OBJC_ISA_USAGE = YES_ERROR;
				CLANG_WARN_EMPTY_BODY = YES;
				CLANG_WARN_ENUM_CONVERSION = YES;
				CLANG_WARN_INT_CONVERSION = YES;
				CLANG_WARN_OBJC_ROOT_CLASS = YES_ERROR;
				CLANG_WARN_UNREACHABLE_CODE = YES;
				CLANG_WARN__DUPLICATE_METHOD_MATCH = YES;
				"CODE_SIGN_IDENTITY[sdk=iphoneos*]" = "iPhone Developer";
				COPY_PHASE_STRIP = NO;
				DEBUG_INFORMATION_FORMAT = "dwarf-with-dsym";
				ENABLE_STRICT_OBJC_MSGSEND = YES;
				GCC_C_LANGUAGE_STANDARD = gnu99;
				GCC_DYNAMIC_NO_PIC = NO;
				GCC_NO_COMMON_BLOCKS = YES;
				GCC_OPTIMIZATION_LEVEL = 0;
				GCC_PREPROCESSOR_DEFINITIONS = (
					"DEBUG=1",
					"$(inherited)",
				);
				GCC_SYMBOLS_PRIVATE_EXTERN = NO;
				GCC_WARN_64_TO_32_BIT_CONVERSION = YES;
				GCC_WARN_ABOUT_RETURN_TYPE = YES_ERROR;
				GCC_WARN_UNDECLARED_SELECTOR = YES;
				GCC_WARN_UNINITIALIZED_AUTOS = YES_AGGRESSIVE;
				GCC_WARN_UNUSED_FUNCTION = YES;
				GCC_WARN_UNUSED_VARIABLE = YES;
				IPHONEOS_DEPLOYMENT_TARGET = 8.3;
				MTL_ENABLE_DEBUG_INFO = YES;
				ONLY_ACTIVE_ARCH = YES;
				SDKROOT = iphoneos;
			};
			name = Debug;
		};
		D05488511AEF07CC00E37BD4 /* Release */ = {
			isa = XCBuildConfiguration;
			buildSettings = {
				ALWAYS_SEARCH_USER_PATHS = NO;
				CLANG_CXX_LANGUAGE_STANDARD = "gnu++0x";
				CLANG_CXX_LIBRARY = "libc++";
				CLANG_ENABLE_MODULES = YES;
				CLANG_ENABLE_OBJC_ARC = YES;
				CLANG_WARN_BOOL_CONVERSION = YES;
				CLANG_WARN_CONSTANT_CONVERSION = YES;
				CLANG_WARN_DIRECT_OBJC_ISA_USAGE = YES_ERROR;
				CLANG_WARN_EMPTY_BODY = YES;
				CLANG_WARN_ENUM_CONVERSION = YES;
				CLANG_WARN_INT_CONVERSION = YES;
				CLANG_WARN_OBJC_ROOT_CLASS = YES_ERROR;
				CLANG_WARN_UNREACHABLE_CODE = YES;
				CLANG_WARN__DUPLICATE_METHOD_MATCH = YES;
				"CODE_SIGN_IDENTITY[sdk=iphoneos*]" = "iPhone Developer";
				COPY_PHASE_STRIP = NO;
				DEBUG_INFORMATION_FORMAT = "dwarf-with-dsym";
				ENABLE_NS_ASSERTIONS = NO;
				ENABLE_STRICT_OBJC_MSGSEND = YES;
				GCC_C_LANGUAGE_STANDARD = gnu99;
				GCC_NO_COMMON_BLOCKS = YES;
				GCC_WARN_64_TO_32_BIT_CONVERSION = YES;
				GCC_WARN_ABOUT_RETURN_TYPE = YES_ERROR;
				GCC_WARN_UNDECLARED_SELECTOR = YES;
				GCC_WARN_UNINITIALIZED_AUTOS = YES_AGGRESSIVE;
				GCC_WARN_UNUSED_FUNCTION = YES;
				GCC_WARN_UNUSED_VARIABLE = YES;
				IPHONEOS_DEPLOYMENT_TARGET = 8.3;
				MTL_ENABLE_DEBUG_INFO = NO;
				SDKROOT = iphoneos;
				VALIDATE_PRODUCT = YES;
			};
			name = Release;
		};
		D05488531AEF07CC00E37BD4 /* Debug */ = {
			isa = XCBuildConfiguration;
			buildSettings = {
				ASSETCATALOG_COMPILER_APPICON_NAME = AppIcon;
				ASSETCATALOG_COMPILER_LAUNCHIMAGE_NAME = LaunchImage;
				GCC_PRECOMPILE_PREFIX_HEADER = YES;
				GCC_PREFIX_HEADER = "$(SRCROOT)/0428newWeiBo/PrefixHeader.pch";
				INFOPLIST_FILE = 0428newWeiBo/Info.plist;
				LD_RUNPATH_SEARCH_PATHS = "$(inherited) @executable_path/Frameworks";
				PRODUCT_NAME = "$(TARGET_NAME)";
			};
			name = Debug;
		};
		D05488541AEF07CC00E37BD4 /* Release */ = {
			isa = XCBuildConfiguration;
			buildSettings = {
				ASSETCATALOG_COMPILER_APPICON_NAME = AppIcon;
				ASSETCATALOG_COMPILER_LAUNCHIMAGE_NAME = LaunchImage;
				GCC_PRECOMPILE_PREFIX_HEADER = YES;
				GCC_PREFIX_HEADER = "$(SRCROOT)/0428newWeiBo/PrefixHeader.pch";
				INFOPLIST_FILE = 0428newWeiBo/Info.plist;
				LD_RUNPATH_SEARCH_PATHS = "$(inherited) @executable_path/Frameworks";
				PRODUCT_NAME = "$(TARGET_NAME)";
			};
			name = Release;
		};
		D05488561AEF07CC00E37BD4 /* Debug */ = {
			isa = XCBuildConfiguration;
			buildSettings = {
				BUNDLE_LOADER = "$(TEST_HOST)";
				FRAMEWORK_SEARCH_PATHS = (
					"$(SDKROOT)/Developer/Library/Frameworks",
					"$(inherited)",
				);
				GCC_PREPROCESSOR_DEFINITIONS = (
					"DEBUG=1",
					"$(inherited)",
				);
				INFOPLIST_FILE = 0428newWeiBoTests/Info.plist;
				LD_RUNPATH_SEARCH_PATHS = "$(inherited) @executable_path/Frameworks @loader_path/Frameworks";
				PRODUCT_NAME = "$(TARGET_NAME)";
				TEST_HOST = "$(BUILT_PRODUCTS_DIR)/0428newWeiBo.app/0428newWeiBo";
			};
			name = Debug;
		};
		D05488571AEF07CC00E37BD4 /* Release */ = {
			isa = XCBuildConfiguration;
			buildSettings = {
				BUNDLE_LOADER = "$(TEST_HOST)";
				FRAMEWORK_SEARCH_PATHS = (
					"$(SDKROOT)/Developer/Library/Frameworks",
					"$(inherited)",
				);
				INFOPLIST_FILE = 0428newWeiBoTests/Info.plist;
				LD_RUNPATH_SEARCH_PATHS = "$(inherited) @executable_path/Frameworks @loader_path/Frameworks";
				PRODUCT_NAME = "$(TARGET_NAME)";
				TEST_HOST = "$(BUILT_PRODUCTS_DIR)/0428newWeiBo.app/0428newWeiBo";
			};
			name = Release;
		};
/* End XCBuildConfiguration section */

/* Begin XCConfigurationList section */
		D054882A1AEF07CC00E37BD4 /* Build configuration list for PBXProject "0428newWeiBo" */ = {
			isa = XCConfigurationList;
			buildConfigurations = (
				D05488501AEF07CC00E37BD4 /* Debug */,
				D05488511AEF07CC00E37BD4 /* Release */,
			);
			defaultConfigurationIsVisible = 0;
			defaultConfigurationName = Release;
		};
		D05488521AEF07CC00E37BD4 /* Build configuration list for PBXNativeTarget "0428newWeiBo" */ = {
			isa = XCConfigurationList;
			buildConfigurations = (
				D05488531AEF07CC00E37BD4 /* Debug */,
				D05488541AEF07CC00E37BD4 /* Release */,
			);
			defaultConfigurationIsVisible = 0;
			defaultConfigurationName = Release;
		};
		D05488551AEF07CC00E37BD4 /* Build configuration list for PBXNativeTarget "0428newWeiBoTests" */ = {
			isa = XCConfigurationList;
			buildConfigurations = (
				D05488561AEF07CC00E37BD4 /* Debug */,
				D05488571AEF07CC00E37BD4 /* Release */,
			);
			defaultConfigurationIsVisible = 0;
			defaultConfigurationName = Release;
		};
/* End XCConfigurationList section */
	};
	rootObject = D05488271AEF07CC00E37BD4 /* Project object */;
}
